PODS:
  - Alamofire (5.5.0)
  - netfox (1.20.0)
  - NVActivityIndicatorView (5.1.1):
    - NVActivityIndicatorView/Base (= 5.1.1)
  - NVActivityIndicatorView/Base (5.1.1)
  - ReachabilitySwift (5.0.0)

DEPENDENCIES:
  - Alamofire
  - netfox
  - NVActivityIndicatorView
  - ReachabilitySwift

SPEC REPOS:
  trunk:
    - Alamofire
    - netfox
    - NVActivityIndicatorView
    - ReachabilitySwift

SPEC CHECKSUMS:
  Alamofire: 1c4fb5369c3fe93d2857c780d8bbe09f06f97e7c
  netfox: 6b5c9724304b0cd99ca8515ac732a9f710e4ea5f
  NVActivityIndicatorView: 1f6c5687f1171810aa27a3296814dc2d7dec3667
  ReachabilitySwift: 985039c6f7b23a1da463388634119492ff86c825

PODFILE CHECKSUM: 5c618a03295306c8b544fe749bd4497914052fcd

COCOAPODS: 1.11.2
