// !$*UTF8*$!
{
	archiveVersion = 1;
	classes = {
	};
	objectVersion = 55;
	objects = {

/* Begin PBXBuildFile section */
		412A179B279888EB00C1CED0 /* UIViewGradient.swift in Sources */ = {isa = PBXBuildFile; fileRef = 412A179A279888EB00C1CED0 /* UIViewGradient.swift */; };
		412A179D2798B91500C1CED0 /* CountryModel.swift in Sources */ = {isa = PBXBuildFile; fileRef = 412A179C2798B91500C1CED0 /* CountryModel.swift */; };
		412A179F2798BDFA00C1CED0 /* DescriptionTableCell.swift in Sources */ = {isa = PBXBuildFile; fileRef = 412A179E2798BDFA00C1CED0 /* DescriptionTableCell.swift */; };
		414660BE2797491700235FEC /* DetailRepository.swift in Sources */ = {isa = PBXBuildFile; fileRef = 414660BD2797491700235FEC /* DetailRepository.swift */; };
		414660C027974CD700235FEC /* NetworkDetailData.swift in Sources */ = {isa = PBXBuildFile; fileRef = 414660BF27974CD700235FEC /* NetworkDetailData.swift */; };
		41A1AA192796174A001C8AE8 /* ServerError.swift in Sources */ = {isa = PBXBuildFile; fileRef = 41A1AA182796174A001C8AE8 /* ServerError.swift */; };
		41A1AA1C279617EB001C8AE8 /* CustomError.swift in Sources */ = {isa = PBXBuildFile; fileRef = 41A1AA1B279617EB001C8AE8 /* CustomError.swift */; };
		CABA3327BD13285226032DC6 /* Pods_Popular_Movies.framework in Frameworks */ = {isa = PBXBuildFile; fileRef = 22124C63175E0DE076800B60 /* Pods_Popular_Movies.framework */; };
		D50BA309278F1DF700E10833 /* MovieTableCell.swift in Sources */ = {isa = PBXBuildFile; fileRef = D50BA308278F1DF700E10833 /* MovieTableCell.swift */; };
		D50BA30D278F20B000E10833 /* TableCellRegistrable.swift in Sources */ = {isa = PBXBuildFile; fileRef = D50BA30B278F20B000E10833 /* TableCellRegistrable.swift */; };
		D50BA30E278F20B000E10833 /* TableCellReusable.swift in Sources */ = {isa = PBXBuildFile; fileRef = D50BA30C278F20B000E10833 /* TableCellReusable.swift */; };
		D50BA310278F20CF00E10833 /* BaseTableViewCell.swift in Sources */ = {isa = PBXBuildFile; fileRef = D50BA30F278F20CF00E10833 /* BaseTableViewCell.swift */; };
		D51164C52795624E000B775F /* SortOption.swift in Sources */ = {isa = PBXBuildFile; fileRef = D51164C42795624E000B775F /* SortOption.swift */; };
		D51164C727957E25000B775F /* UIImageView+ImageManager.swift in Sources */ = {isa = PBXBuildFile; fileRef = D51164C627957E25000B775F /* UIImageView+ImageManager.swift */; };
		D51164CA27957EF0000B775F /* ImageManager.swift in Sources */ = {isa = PBXBuildFile; fileRef = D51164C927957EF0000B775F /* ImageManager.swift */; };
		D51164CD279593B6000B775F /* NetworkGenreList.swift in Sources */ = {isa = PBXBuildFile; fileRef = D51164CC279593B6000B775F /* NetworkGenreList.swift */; };
		D519C971278C7D340018155F /* AppDelegate.swift in Sources */ = {isa = PBXBuildFile; fileRef = D519C970278C7D340018155F /* AppDelegate.swift */; };
		D519C975278C7D340018155F /* FeedViewController.swift in Sources */ = {isa = PBXBuildFile; fileRef = D519C974278C7D340018155F /* FeedViewController.swift */; };
		D53A070E279961700037E559 /* MoviePersistentData.xcdatamodeld in Sources */ = {isa = PBXBuildFile; fileRef = D53A070C279961700037E559 /* MoviePersistentData.xcdatamodeld */; };
		D53A0714279962C40037E559 /* MoviePersistentAdapter.swift in Sources */ = {isa = PBXBuildFile; fileRef = D53A0713279962C40037E559 /* MoviePersistentAdapter.swift */; };
		D53A0716279966950037E559 /* PersistenceService.swift in Sources */ = {isa = PBXBuildFile; fileRef = D53A0715279966950037E559 /* PersistenceService.swift */; };
		D53A071D279970BF0037E559 /* MoviePersistentData+CoreDataClass.swift in Sources */ = {isa = PBXBuildFile; fileRef = D53A071B279970BF0037E559 /* MoviePersistentData+CoreDataClass.swift */; };
		D53A071E279970BF0037E559 /* MoviePersistentData+CoreDataProperties.swift in Sources */ = {isa = PBXBuildFile; fileRef = D53A071C279970BF0037E559 /* MoviePersistentData+CoreDataProperties.swift */; };
		D53A0720279986D20037E559 /* ApplicationFont.swift in Sources */ = {isa = PBXBuildFile; fileRef = D53A071F279986D20037E559 /* ApplicationFont.swift */; };
		D53A0722279989A70037E559 /* GenrePersistentAdapter.swift in Sources */ = {isa = PBXBuildFile; fileRef = D53A0721279989A70037E559 /* GenrePersistentAdapter.swift */; };
		D53A072927998A6C0037E559 /* GenrePersistentData+CoreDataClass.swift in Sources */ = {isa = PBXBuildFile; fileRef = D53A072727998A6C0037E559 /* GenrePersistentData+CoreDataClass.swift */; };
		D53A072A27998A6C0037E559 /* GenrePersistentData+CoreDataProperties.swift in Sources */ = {isa = PBXBuildFile; fileRef = D53A072827998A6C0037E559 /* GenrePersistentData+CoreDataProperties.swift */; };
		D57959DC278D7567003CED85 /* FeedPresenter.swift in Sources */ = {isa = PBXBuildFile; fileRef = D57959DB278D7567003CED85 /* FeedPresenter.swift */; };
		D57959DE278D75E0003CED85 /* FeedConfigurator.swift in Sources */ = {isa = PBXBuildFile; fileRef = D57959DD278D75E0003CED85 /* FeedConfigurator.swift */; };
		D57959E0278D76F9003CED85 /* FeedRouter.swift in Sources */ = {isa = PBXBuildFile; fileRef = D57959DF278D76F9003CED85 /* FeedRouter.swift */; };
		D57959E4278D79AD003CED85 /* BaseNavigationController.swift in Sources */ = {isa = PBXBuildFile; fileRef = D57959E3278D79AD003CED85 /* BaseNavigationController.swift */; };
		D57959E8278D7CEB003CED85 /* NetworkService.swift in Sources */ = {isa = PBXBuildFile; fileRef = D57959E7278D7CEB003CED85 /* NetworkService.swift */; };
		D57959EE278D8418003CED85 /* EndPoint.swift in Sources */ = {isa = PBXBuildFile; fileRef = D57959ED278D8418003CED85 /* EndPoint.swift */; };
		D57959F1278D9E4A003CED85 /* FeedRepository.swift in Sources */ = {isa = PBXBuildFile; fileRef = D57959F0278D9E4A003CED85 /* FeedRepository.swift */; };
		D57959F4278DA0E8003CED85 /* MovieCellItem.swift in Sources */ = {isa = PBXBuildFile; fileRef = D57959F3278DA0E8003CED85 /* MovieCellItem.swift */; };
		D57959F6278DA195003CED85 /* MovieNetworkList.swift in Sources */ = {isa = PBXBuildFile; fileRef = D57959F5278DA195003CED85 /* MovieNetworkList.swift */; };
		D59EF0E62796CD2A00B8370B /* GenreManager.swift in Sources */ = {isa = PBXBuildFile; fileRef = D59EF0E52796CD2A00B8370B /* GenreManager.swift */; };
		D59EF0EA2796D04500B8370B /* MovieGenre.swift in Sources */ = {isa = PBXBuildFile; fileRef = D59EF0E92796D04500B8370B /* MovieGenre.swift */; };
		D59EF0EF2796F00900B8370B /* DetailViewController.swift in Sources */ = {isa = PBXBuildFile; fileRef = D59EF0EE2796F00900B8370B /* DetailViewController.swift */; };
		D59EF0F12796F47E00B8370B /* DetailPresenter.swift in Sources */ = {isa = PBXBuildFile; fileRef = D59EF0F02796F47E00B8370B /* DetailPresenter.swift */; };
		D59EF0F32796F9F400B8370B /* DetailRouter.swift in Sources */ = {isa = PBXBuildFile; fileRef = D59EF0F22796F9F400B8370B /* DetailRouter.swift */; };
		D59EF0F52796FA8000B8370B /* DetailConfigurator.swift in Sources */ = {isa = PBXBuildFile; fileRef = D59EF0F42796FA8000B8370B /* DetailConfigurator.swift */; };
		D5C4F173278EE6670010EEB5 /* BaseViewController.swift in Sources */ = {isa = PBXBuildFile; fileRef = D5C4F172278EE6670010EEB5 /* BaseViewController.swift */; };
		D5C68EC6278EEBBB0010D9FD /* Reachability Manager.swift in Sources */ = {isa = PBXBuildFile; fileRef = D5C68EC5278EEBBB0010D9FD /* Reachability Manager.swift */; };
		D5F56BEB278EDD4C006E5F8E /* UIViewController+Alert.swift in Sources */ = {isa = PBXBuildFile; fileRef = D5F56BEA278EDD4C006E5F8E /* UIViewController+Alert.swift */; };
		D5F9146F2797FEF1006B3761 /* DetailModel.swift in Sources */ = {isa = PBXBuildFile; fileRef = D5F9146E2797FEF1006B3761 /* DetailModel.swift */; };
		D5F9147227981501006B3761 /* HeadlineTableCell.swift in Sources */ = {isa = PBXBuildFile; fileRef = D5F9147127981501006B3761 /* HeadlineTableCell.swift */; };
/* End PBXBuildFile section */

/* Begin PBXFileReference section */
		22124C63175E0DE076800B60 /* Pods_Popular_Movies.framework */ = {isa = PBXFileReference; explicitFileType = wrapper.framework; includeInIndex = 0; path = Pods_Popular_Movies.framework; sourceTree = BUILT_PRODUCTS_DIR; };
		331974A1A385D3B3CEB6C4A2 /* Pods-Popular Movies.release.xcconfig */ = {isa = PBXFileReference; includeInIndex = 1; lastKnownFileType = text.xcconfig; name = "Pods-Popular Movies.release.xcconfig"; path = "Target Support Files/Pods-Popular Movies/Pods-Popular Movies.release.xcconfig"; sourceTree = "<group>"; };
		412A179A279888EB00C1CED0 /* UIViewGradient.swift */ = {isa = PBXFileReference; lastKnownFileType = sourcecode.swift; path = UIViewGradient.swift; sourceTree = "<group>"; };
		412A179C2798B91500C1CED0 /* CountryModel.swift */ = {isa = PBXFileReference; lastKnownFileType = sourcecode.swift; path = CountryModel.swift; sourceTree = "<group>"; };
		412A179E2798BDFA00C1CED0 /* DescriptionTableCell.swift */ = {isa = PBXFileReference; lastKnownFileType = sourcecode.swift; path = DescriptionTableCell.swift; sourceTree = "<group>"; };
		414660BD2797491700235FEC /* DetailRepository.swift */ = {isa = PBXFileReference; lastKnownFileType = sourcecode.swift; path = DetailRepository.swift; sourceTree = "<group>"; };
		414660BF27974CD700235FEC /* NetworkDetailData.swift */ = {isa = PBXFileReference; lastKnownFileType = sourcecode.swift; path = NetworkDetailData.swift; sourceTree = "<group>"; };
		41A1AA182796174A001C8AE8 /* ServerError.swift */ = {isa = PBXFileReference; lastKnownFileType = sourcecode.swift; path = ServerError.swift; sourceTree = "<group>"; };
		41A1AA1B279617EB001C8AE8 /* CustomError.swift */ = {isa = PBXFileReference; lastKnownFileType = sourcecode.swift; path = CustomError.swift; sourceTree = "<group>"; };
		D50BA308278F1DF700E10833 /* MovieTableCell.swift */ = {isa = PBXFileReference; lastKnownFileType = sourcecode.swift; path = MovieTableCell.swift; sourceTree = "<group>"; };
		D50BA30B278F20B000E10833 /* TableCellRegistrable.swift */ = {isa = PBXFileReference; fileEncoding = 4; lastKnownFileType = sourcecode.swift; path = TableCellRegistrable.swift; sourceTree = "<group>"; };
		D50BA30C278F20B000E10833 /* TableCellReusable.swift */ = {isa = PBXFileReference; fileEncoding = 4; lastKnownFileType = sourcecode.swift; path = TableCellReusable.swift; sourceTree = "<group>"; };
		D50BA30F278F20CF00E10833 /* BaseTableViewCell.swift */ = {isa = PBXFileReference; lastKnownFileType = sourcecode.swift; path = BaseTableViewCell.swift; sourceTree = "<group>"; };
		D51164C42795624E000B775F /* SortOption.swift */ = {isa = PBXFileReference; lastKnownFileType = sourcecode.swift; path = SortOption.swift; sourceTree = "<group>"; };
		D51164C627957E25000B775F /* UIImageView+ImageManager.swift */ = {isa = PBXFileReference; lastKnownFileType = sourcecode.swift; path = "UIImageView+ImageManager.swift"; sourceTree = "<group>"; };
		D51164C927957EF0000B775F /* ImageManager.swift */ = {isa = PBXFileReference; lastKnownFileType = sourcecode.swift; path = ImageManager.swift; sourceTree = "<group>"; };
		D51164CC279593B6000B775F /* NetworkGenreList.swift */ = {isa = PBXFileReference; lastKnownFileType = sourcecode.swift; path = NetworkGenreList.swift; sourceTree = "<group>"; };
		D519C96D278C7D340018155F /* Popular Movies.app */ = {isa = PBXFileReference; explicitFileType = wrapper.application; includeInIndex = 0; path = "Popular Movies.app"; sourceTree = BUILT_PRODUCTS_DIR; };
		D519C970278C7D340018155F /* AppDelegate.swift */ = {isa = PBXFileReference; lastKnownFileType = sourcecode.swift; path = AppDelegate.swift; sourceTree = "<group>"; };
		D519C974278C7D340018155F /* FeedViewController.swift */ = {isa = PBXFileReference; lastKnownFileType = sourcecode.swift; path = FeedViewController.swift; sourceTree = "<group>"; };
		D519C979278C7D350018155F /* Assets.xcassets */ = {isa = PBXFileReference; lastKnownFileType = folder.assetcatalog; path = Assets.xcassets; sourceTree = "<group>"; };
		D519C97C278C7D350018155F /* Base */ = {isa = PBXFileReference; lastKnownFileType = file.storyboard; name = Base; path = Base.lproj/LaunchScreen.storyboard; sourceTree = "<group>"; };
		D519C97E278C7D350018155F /* Info.plist */ = {isa = PBXFileReference; lastKnownFileType = text.plist.xml; path = Info.plist; sourceTree = "<group>"; };
		D53A070D279961700037E559 /* MoviePersistentData.xcdatamodel */ = {isa = PBXFileReference; lastKnownFileType = wrapper.xcdatamodel; path = MoviePersistentData.xcdatamodel; sourceTree = "<group>"; };
		D53A0713279962C40037E559 /* MoviePersistentAdapter.swift */ = {isa = PBXFileReference; lastKnownFileType = sourcecode.swift; path = MoviePersistentAdapter.swift; sourceTree = "<group>"; };
		D53A0715279966950037E559 /* PersistenceService.swift */ = {isa = PBXFileReference; lastKnownFileType = sourcecode.swift; path = PersistenceService.swift; sourceTree = "<group>"; };
		D53A071B279970BF0037E559 /* MoviePersistentData+CoreDataClass.swift */ = {isa = PBXFileReference; lastKnownFileType = sourcecode.swift; path = "MoviePersistentData+CoreDataClass.swift"; sourceTree = "<group>"; };
		D53A071C279970BF0037E559 /* MoviePersistentData+CoreDataProperties.swift */ = {isa = PBXFileReference; lastKnownFileType = sourcecode.swift; path = "MoviePersistentData+CoreDataProperties.swift"; sourceTree = "<group>"; };
		D53A071F279986D20037E559 /* ApplicationFont.swift */ = {isa = PBXFileReference; lastKnownFileType = sourcecode.swift; path = ApplicationFont.swift; sourceTree = "<group>"; };
		D53A0721279989A70037E559 /* GenrePersistentAdapter.swift */ = {isa = PBXFileReference; lastKnownFileType = sourcecode.swift; path = GenrePersistentAdapter.swift; sourceTree = "<group>"; };
		D53A072727998A6C0037E559 /* GenrePersistentData+CoreDataClass.swift */ = {isa = PBXFileReference; lastKnownFileType = sourcecode.swift; path = "GenrePersistentData+CoreDataClass.swift"; sourceTree = "<group>"; };
		D53A072827998A6C0037E559 /* GenrePersistentData+CoreDataProperties.swift */ = {isa = PBXFileReference; lastKnownFileType = sourcecode.swift; path = "GenrePersistentData+CoreDataProperties.swift"; sourceTree = "<group>"; };
		D57959DB278D7567003CED85 /* FeedPresenter.swift */ = {isa = PBXFileReference; lastKnownFileType = sourcecode.swift; path = FeedPresenter.swift; sourceTree = "<group>"; };
		D57959DD278D75E0003CED85 /* FeedConfigurator.swift */ = {isa = PBXFileReference; lastKnownFileType = sourcecode.swift; path = FeedConfigurator.swift; sourceTree = "<group>"; };
		D57959DF278D76F9003CED85 /* FeedRouter.swift */ = {isa = PBXFileReference; lastKnownFileType = sourcecode.swift; path = FeedRouter.swift; sourceTree = "<group>"; };
		D57959E3278D79AD003CED85 /* BaseNavigationController.swift */ = {isa = PBXFileReference; fileEncoding = 4; lastKnownFileType = sourcecode.swift; path = BaseNavigationController.swift; sourceTree = "<group>"; };
		D57959E7278D7CEB003CED85 /* NetworkService.swift */ = {isa = PBXFileReference; lastKnownFileType = sourcecode.swift; path = NetworkService.swift; sourceTree = "<group>"; };
		D57959ED278D8418003CED85 /* EndPoint.swift */ = {isa = PBXFileReference; lastKnownFileType = sourcecode.swift; path = EndPoint.swift; sourceTree = "<group>"; };
		D57959F0278D9E4A003CED85 /* FeedRepository.swift */ = {isa = PBXFileReference; lastKnownFileType = sourcecode.swift; path = FeedRepository.swift; sourceTree = "<group>"; };
		D57959F3278DA0E8003CED85 /* MovieCellItem.swift */ = {isa = PBXFileReference; lastKnownFileType = sourcecode.swift; path = MovieCellItem.swift; sourceTree = "<group>"; };
		D57959F5278DA195003CED85 /* MovieNetworkList.swift */ = {isa = PBXFileReference; lastKnownFileType = sourcecode.swift; path = MovieNetworkList.swift; sourceTree = "<group>"; };
		D59EF0E52796CD2A00B8370B /* GenreManager.swift */ = {isa = PBXFileReference; lastKnownFileType = sourcecode.swift; path = GenreManager.swift; sourceTree = "<group>"; };
		D59EF0E92796D04500B8370B /* MovieGenre.swift */ = {isa = PBXFileReference; lastKnownFileType = sourcecode.swift; path = MovieGenre.swift; sourceTree = "<group>"; };
		D59EF0EE2796F00900B8370B /* DetailViewController.swift */ = {isa = PBXFileReference; lastKnownFileType = sourcecode.swift; path = DetailViewController.swift; sourceTree = "<group>"; };
		D59EF0F02796F47E00B8370B /* DetailPresenter.swift */ = {isa = PBXFileReference; lastKnownFileType = sourcecode.swift; path = DetailPresenter.swift; sourceTree = "<group>"; };
		D59EF0F22796F9F400B8370B /* DetailRouter.swift */ = {isa = PBXFileReference; lastKnownFileType = sourcecode.swift; path = DetailRouter.swift; sourceTree = "<group>"; };
		D59EF0F42796FA8000B8370B /* DetailConfigurator.swift */ = {isa = PBXFileReference; lastKnownFileType = sourcecode.swift; path = DetailConfigurator.swift; sourceTree = "<group>"; };
		D5C4F172278EE6670010EEB5 /* BaseViewController.swift */ = {isa = PBXFileReference; lastKnownFileType = sourcecode.swift; path = BaseViewController.swift; sourceTree = "<group>"; };
		D5C68EC5278EEBBB0010D9FD /* Reachability Manager.swift */ = {isa = PBXFileReference; lastKnownFileType = sourcecode.swift; path = "Reachability Manager.swift"; sourceTree = "<group>"; };
		D5F56BEA278EDD4C006E5F8E /* UIViewController+Alert.swift */ = {isa = PBXFileReference; lastKnownFileType = sourcecode.swift; path = "UIViewController+Alert.swift"; sourceTree = "<group>"; };
		D5F9146E2797FEF1006B3761 /* DetailModel.swift */ = {isa = PBXFileReference; lastKnownFileType = sourcecode.swift; path = DetailModel.swift; sourceTree = "<group>"; };
		D5F9147127981501006B3761 /* HeadlineTableCell.swift */ = {isa = PBXFileReference; lastKnownFileType = sourcecode.swift; path = HeadlineTableCell.swift; sourceTree = "<group>"; };
		F82B0AB91C03A5D224EE3CA5 /* Pods-Popular Movies.debug.xcconfig */ = {isa = PBXFileReference; includeInIndex = 1; lastKnownFileType = text.xcconfig; name = "Pods-Popular Movies.debug.xcconfig"; path = "Target Support Files/Pods-Popular Movies/Pods-Popular Movies.debug.xcconfig"; sourceTree = "<group>"; };
/* End PBXFileReference section */

/* Begin PBXFrameworksBuildPhase section */
		D519C96A278C7D340018155F /* Frameworks */ = {
			isa = PBXFrameworksBuildPhase;
			buildActionMask = 2147483647;
			files = (
				CABA3327BD13285226032DC6 /* Pods_Popular_Movies.framework in Frameworks */,
			);
			runOnlyForDeploymentPostprocessing = 0;
		};
/* End PBXFrameworksBuildPhase section */

/* Begin PBXGroup section */
		414660BC2797490000235FEC /* Detail Repository */ = {
			isa = PBXGroup;
			children = (
				414660BD2797491700235FEC /* DetailRepository.swift */,
			);
			path = "Detail Repository";
			sourceTree = "<group>";
		};
		41A1AA1A279617DA001C8AE8 /* Custom Error */ = {
			isa = PBXGroup;
			children = (
				41A1AA1B279617EB001C8AE8 /* CustomError.swift */,
			);
			path = "Custom Error";
			sourceTree = "<group>";
		};
		44064626CA881C5EAFF0CC03 /* Frameworks */ = {
			isa = PBXGroup;
			children = (
				22124C63175E0DE076800B60 /* Pods_Popular_Movies.framework */,
			);
			name = Frameworks;
			sourceTree = "<group>";
		};
		D50BA307278F1DB500E10833 /* Cell */ = {
			isa = PBXGroup;
			children = (
				D50BA308278F1DF700E10833 /* MovieTableCell.swift */,
			);
			path = Cell;
			sourceTree = "<group>";
		};
		D50BA30A278F1FAE00E10833 /* TableCell */ = {
			isa = PBXGroup;
			children = (
				D50BA30B278F20B000E10833 /* TableCellRegistrable.swift */,
				D50BA30C278F20B000E10833 /* TableCellReusable.swift */,
			);
			path = TableCell;
			sourceTree = "<group>";
		};
		D50BA311278F20DE00E10833 /* Extension */ = {
			isa = PBXGroup;
			children = (
				D5F56BEA278EDD4C006E5F8E /* UIViewController+Alert.swift */,
				D51164C627957E25000B775F /* UIImageView+ImageManager.swift */,
				412A179A279888EB00C1CED0 /* UIViewGradient.swift */,
				D53A071F279986D20037E559 /* ApplicationFont.swift */,
			);
			path = Extension;
			sourceTree = "<group>";
		};
		D51164C827957EE4000B775F /* ImageManager */ = {
			isa = PBXGroup;
			children = (
				D51164C927957EF0000B775F /* ImageManager.swift */,
			);
			path = ImageManager;
			sourceTree = "<group>";
		};
		D519C964278C7D340018155F = {
			isa = PBXGroup;
			children = (
				D519C96F278C7D340018155F /* Popular Movies */,
				D519C96E278C7D340018155F /* Products */,
				DD0C168CE4142A42D5F02E3E /* Pods */,
				44064626CA881C5EAFF0CC03 /* Frameworks */,
			);
			sourceTree = "<group>";
		};
		D519C96E278C7D340018155F /* Products */ = {
			isa = PBXGroup;
			children = (
				D519C96D278C7D340018155F /* Popular Movies.app */,
			);
			name = Products;
			sourceTree = "<group>";
		};
		D519C96F278C7D340018155F /* Popular Movies */ = {
			isa = PBXGroup;
			children = (
				D57959E1278D785E003CED85 /* Developer Tools */,
				D57959E5278D7CC2003CED85 /* Service */,
				D519C970278C7D340018155F /* AppDelegate.swift */,
				D57959D9278D750C003CED85 /* Modules */,
				D519C979278C7D350018155F /* Assets.xcassets */,
				D519C97B278C7D350018155F /* LaunchScreen.storyboard */,
				D519C97E278C7D350018155F /* Info.plist */,
			);
			path = "Popular Movies";
			sourceTree = "<group>";
		};
		D53A070B2799613B0037E559 /* Persistence Service */ = {
			isa = PBXGroup;
			children = (
				D53A072727998A6C0037E559 /* GenrePersistentData+CoreDataClass.swift */,
				D53A072827998A6C0037E559 /* GenrePersistentData+CoreDataProperties.swift */,
				D53A071B279970BF0037E559 /* MoviePersistentData+CoreDataClass.swift */,
				D53A071C279970BF0037E559 /* MoviePersistentData+CoreDataProperties.swift */,
				D53A070C279961700037E559 /* MoviePersistentData.xcdatamodeld */,
				D53A0713279962C40037E559 /* MoviePersistentAdapter.swift */,
				D53A0715279966950037E559 /* PersistenceService.swift */,
				D53A0721279989A70037E559 /* GenrePersistentAdapter.swift */,
			);
			path = "Persistence Service";
			sourceTree = "<group>";
		};
		D57959D9278D750C003CED85 /* Modules */ = {
			isa = PBXGroup;
			children = (
				D59EF0ED2796EFF500B8370B /* Detail */,
				D57959DA278D754C003CED85 /* Feed */,
			);
			path = Modules;
			sourceTree = "<group>";
		};
		D57959DA278D754C003CED85 /* Feed */ = {
			isa = PBXGroup;
			children = (
				D50BA307278F1DB500E10833 /* Cell */,
				D57959F2278DA0D0003CED85 /* Model */,
				D519C974278C7D340018155F /* FeedViewController.swift */,
				D57959DB278D7567003CED85 /* FeedPresenter.swift */,
				D57959DF278D76F9003CED85 /* FeedRouter.swift */,
				D57959DD278D75E0003CED85 /* FeedConfigurator.swift */,
			);
			path = Feed;
			sourceTree = "<group>";
		};
		D57959E1278D785E003CED85 /* Developer Tools */ = {
			isa = PBXGroup;
			children = (
				41A1AA1A279617DA001C8AE8 /* Custom Error */,
				D50BA30A278F1FAE00E10833 /* TableCell */,
				D50BA311278F20DE00E10833 /* Extension */,
				D57959EC278D83DF003CED85 /* EndPoint */,
				D57959E2278D79AD003CED85 /* BaseComponents */,
			);
			path = "Developer Tools";
			sourceTree = "<group>";
		};
		D57959E2278D79AD003CED85 /* BaseComponents */ = {
			isa = PBXGroup;
			children = (
				D57959E3278D79AD003CED85 /* BaseNavigationController.swift */,
				D5C4F172278EE6670010EEB5 /* BaseViewController.swift */,
				D50BA30F278F20CF00E10833 /* BaseTableViewCell.swift */,
			);
			path = BaseComponents;
			sourceTree = "<group>";
		};
		D57959E5278D7CC2003CED85 /* Service */ = {
			isa = PBXGroup;
			children = (
				D53A070B2799613B0037E559 /* Persistence Service */,
				414660BC2797490000235FEC /* Detail Repository */,
				D59EF0E42796CD1600B8370B /* GenreManager */,
				D51164C827957EE4000B775F /* ImageManager */,
				D5C68EC4278EEB9B0010D9FD /* Reachability Manager */,
				D57959EF278D9E14003CED85 /* Feed Repository */,
				D57959E6278D7CD3003CED85 /* NetworkService */,
			);
			path = Service;
			sourceTree = "<group>";
		};
		D57959E6278D7CD3003CED85 /* NetworkService */ = {
			isa = PBXGroup;
			children = (
				D59EF0E82796CFFF00B8370B /* Model */,
				D57959E7278D7CEB003CED85 /* NetworkService.swift */,
			);
			path = NetworkService;
			sourceTree = "<group>";
		};
		D57959EC278D83DF003CED85 /* EndPoint */ = {
			isa = PBXGroup;
			children = (
				D57959ED278D8418003CED85 /* EndPoint.swift */,
			);
			path = EndPoint;
			sourceTree = "<group>";
		};
		D57959EF278D9E14003CED85 /* Feed Repository */ = {
			isa = PBXGroup;
			children = (
				D57959F0278D9E4A003CED85 /* FeedRepository.swift */,
			);
			path = "Feed Repository";
			sourceTree = "<group>";
		};
		D57959F2278DA0D0003CED85 /* Model */ = {
			isa = PBXGroup;
			children = (
				D57959F3278DA0E8003CED85 /* MovieCellItem.swift */,
				D51164C42795624E000B775F /* SortOption.swift */,
			);
			path = Model;
			sourceTree = "<group>";
		};
		D59EF0E42796CD1600B8370B /* GenreManager */ = {
			isa = PBXGroup;
			children = (
				D59EF0E72796CFD700B8370B /* Model */,
				D59EF0E52796CD2A00B8370B /* GenreManager.swift */,
			);
			path = GenreManager;
			sourceTree = "<group>";
		};
		D59EF0E72796CFD700B8370B /* Model */ = {
			isa = PBXGroup;
			children = (
				D59EF0E92796D04500B8370B /* MovieGenre.swift */,
			);
			path = Model;
			sourceTree = "<group>";
		};
		D59EF0E82796CFFF00B8370B /* Model */ = {
			isa = PBXGroup;
			children = (
				41A1AA182796174A001C8AE8 /* ServerError.swift */,
				D51164CC279593B6000B775F /* NetworkGenreList.swift */,
				D57959F5278DA195003CED85 /* MovieNetworkList.swift */,
				414660BF27974CD700235FEC /* NetworkDetailData.swift */,
				412A179C2798B91500C1CED0 /* CountryModel.swift */,
			);
			path = Model;
			sourceTree = "<group>";
		};
		D59EF0ED2796EFF500B8370B /* Detail */ = {
			isa = PBXGroup;
			children = (
				D5F91470279814C6006B3761 /* Cell */,
				D5F9146D2797FDB2006B3761 /* Model */,
				D59EF0EE2796F00900B8370B /* DetailViewController.swift */,
				D59EF0F02796F47E00B8370B /* DetailPresenter.swift */,
				D59EF0F22796F9F400B8370B /* DetailRouter.swift */,
				D59EF0F42796FA8000B8370B /* DetailConfigurator.swift */,
			);
			path = Detail;
			sourceTree = "<group>";
		};
		D5C68EC4278EEB9B0010D9FD /* Reachability Manager */ = {
			isa = PBXGroup;
			children = (
				D5C68EC5278EEBBB0010D9FD /* Reachability Manager.swift */,
			);
			path = "Reachability Manager";
			sourceTree = "<group>";
		};
		D5F9146D2797FDB2006B3761 /* Model */ = {
			isa = PBXGroup;
			children = (
				D5F9146E2797FEF1006B3761 /* DetailModel.swift */,
			);
			path = Model;
			sourceTree = "<group>";
		};
		D5F91470279814C6006B3761 /* Cell */ = {
			isa = PBXGroup;
			children = (
				D5F9147127981501006B3761 /* HeadlineTableCell.swift */,
				412A179E2798BDFA00C1CED0 /* DescriptionTableCell.swift */,
			);
			path = Cell;
			sourceTree = "<group>";
		};
		DD0C168CE4142A42D5F02E3E /* Pods */ = {
			isa = PBXGroup;
			children = (
				F82B0AB91C03A5D224EE3CA5 /* Pods-Popular Movies.debug.xcconfig */,
				331974A1A385D3B3CEB6C4A2 /* Pods-Popular Movies.release.xcconfig */,
			);
			path = Pods;
			sourceTree = "<group>";
		};
/* End PBXGroup section */

/* Begin PBXNativeTarget section */
		D519C96C278C7D340018155F /* Popular Movies */ = {
			isa = PBXNativeTarget;
			buildConfigurationList = D519C981278C7D350018155F /* Build configuration list for PBXNativeTarget "Popular Movies" */;
			buildPhases = (
				E3E10C68D7BCB95340886AAA /* [CP] Check Pods Manifest.lock */,
				D519C969278C7D340018155F /* Sources */,
				D519C96A278C7D340018155F /* Frameworks */,
				D519C96B278C7D340018155F /* Resources */,
				B72DC9F5C18C260A646EF358 /* [CP] Embed Pods Frameworks */,
			);
			buildRules = (
			);
			dependencies = (
			);
			name = "Popular Movies";
			productName = "Popular Movies";
			productReference = D519C96D278C7D340018155F /* Popular Movies.app */;
			productType = "com.apple.product-type.application";
		};
/* End PBXNativeTarget section */

/* Begin PBXProject section */
		D519C965278C7D340018155F /* Project object */ = {
			isa = PBXProject;
			attributes = {
				BuildIndependentTargetsInParallel = 1;
				LastSwiftUpdateCheck = 1310;
				LastUpgradeCheck = 1310;
				TargetAttributes = {
					D519C96C278C7D340018155F = {
						CreatedOnToolsVersion = 13.1;
					};
				};
			};
			buildConfigurationList = D519C968278C7D340018155F /* Build configuration list for PBXProject "Popular Movies" */;
			compatibilityVersion = "Xcode 13.0";
			developmentRegion = en;
			hasScannedForEncodings = 0;
			knownRegions = (
				en,
				Base,
			);
			mainGroup = D519C964278C7D340018155F;
			productRefGroup = D519C96E278C7D340018155F /* Products */;
			projectDirPath = "";
			projectRoot = "";
			targets = (
				D519C96C278C7D340018155F /* Popular Movies */,
			);
		};
/* End PBXProject section */

/* Begin PBXResourcesBuildPhase section */
		D519C96B278C7D340018155F /* Resources */ = {
			isa = PBXResourcesBuildPhase;
			buildActionMask = 2147483647;
			files = (
			);
			runOnlyForDeploymentPostprocessing = 0;
		};
/* End PBXResourcesBuildPhase section */

/* Begin PBXShellScriptBuildPhase section */
		B72DC9F5C18C260A646EF358 /* [CP] Embed Pods Frameworks */ = {
			isa = PBXShellScriptBuildPhase;
			buildActionMask = 2147483647;
			files = (
			);
			inputFileListPaths = (
				"${PODS_ROOT}/Target Support Files/Pods-Popular Movies/Pods-Popular Movies-frameworks-${CONFIGURATION}-input-files.xcfilelist",
			);
			name = "[CP] Embed Pods Frameworks";
			outputFileListPaths = (
				"${PODS_ROOT}/Target Support Files/Pods-Popular Movies/Pods-Popular Movies-frameworks-${CONFIGURATION}-output-files.xcfilelist",
			);
			runOnlyForDeploymentPostprocessing = 0;
			shellPath = /bin/sh;
			shellScript = "\"${PODS_ROOT}/Target Support Files/Pods-Popular Movies/Pods-Popular Movies-frameworks.sh\"\n";
			showEnvVarsInLog = 0;
		};
		E3E10C68D7BCB95340886AAA /* [CP] Check Pods Manifest.lock */ = {
			isa = PBXShellScriptBuildPhase;
			buildActionMask = 2147483647;
			files = (
			);
			inputFileListPaths = (
			);
			inputPaths = (
				"${PODS_PODFILE_DIR_PATH}/Podfile.lock",
				"${PODS_ROOT}/Manifest.lock",
			);
			name = "[CP] Check Pods Manifest.lock";
			outputFileListPaths = (
			);
			outputPaths = (
				"$(DERIVED_FILE_DIR)/Pods-Popular Movies-checkManifestLockResult.txt",
			);
			runOnlyForDeploymentPostprocessing = 0;
			shellPath = /bin/sh;
			shellScript = "diff \"${PODS_PODFILE_DIR_PATH}/Podfile.lock\" \"${PODS_ROOT}/Manifest.lock\" > /dev/null\nif [ $? != 0 ] ; then\n    # print error to STDERR\n    echo \"error: The sandbox is not in sync with the Podfile.lock. Run 'pod install' or update your CocoaPods installation.\" >&2\n    exit 1\nfi\n# This output is used by Xcode 'outputs' to avoid re-running this script phase.\necho \"SUCCESS\" > \"${SCRIPT_OUTPUT_FILE_0}\"\n";
			showEnvVarsInLog = 0;
		};
/* End PBXShellScriptBuildPhase section */

/* Begin PBXSourcesBuildPhase section */
		D519C969278C7D340018155F /* Sources */ = {
			isa = PBXSourcesBuildPhase;
			buildActionMask = 2147483647;
			files = (
				D51164C727957E25000B775F /* UIImageView+ImageManager.swift in Sources */,
				D59EF0EA2796D04500B8370B /* MovieGenre.swift in Sources */,
				D57959DE278D75E0003CED85 /* FeedConfigurator.swift in Sources */,
				D59EF0EF2796F00900B8370B /* DetailViewController.swift in Sources */,
				D57959EE278D8418003CED85 /* EndPoint.swift in Sources */,
				D59EF0E62796CD2A00B8370B /* GenreManager.swift in Sources */,
				D519C975278C7D340018155F /* FeedViewController.swift in Sources */,
				D50BA310278F20CF00E10833 /* BaseTableViewCell.swift in Sources */,
				D5F56BEB278EDD4C006E5F8E /* UIViewController+Alert.swift in Sources */,
				D5C68EC6278EEBBB0010D9FD /* Reachability Manager.swift in Sources */,
				D57959F1278D9E4A003CED85 /* FeedRepository.swift in Sources */,
				D5F9147227981501006B3761 /* HeadlineTableCell.swift in Sources */,
				D5F9146F2797FEF1006B3761 /* DetailModel.swift in Sources */,
				D59EF0F52796FA8000B8370B /* DetailConfigurator.swift in Sources */,
				D51164CA27957EF0000B775F /* ImageManager.swift in Sources */,
				D5C4F173278EE6670010EEB5 /* BaseViewController.swift in Sources */,
				41A1AA192796174A001C8AE8 /* ServerError.swift in Sources */,
				D50BA309278F1DF700E10833 /* MovieTableCell.swift in Sources */,
				412A179B279888EB00C1CED0 /* UIViewGradient.swift in Sources */,
				412A179F2798BDFA00C1CED0 /* DescriptionTableCell.swift in Sources */,
				D51164C52795624E000B775F /* SortOption.swift in Sources */,
				D53A0716279966950037E559 /* PersistenceService.swift in Sources */,
				414660C027974CD700235FEC /* NetworkDetailData.swift in Sources */,
				D57959E4278D79AD003CED85 /* BaseNavigationController.swift in Sources */,
				D53A0714279962C40037E559 /* MoviePersistentAdapter.swift in Sources */,
				412A179D2798B91500C1CED0 /* CountryModel.swift in Sources */,
				D59EF0F32796F9F400B8370B /* DetailRouter.swift in Sources */,
				41A1AA1C279617EB001C8AE8 /* CustomError.swift in Sources */,
				D57959E0278D76F9003CED85 /* FeedRouter.swift in Sources */,
				D57959F4278DA0E8003CED85 /* MovieCellItem.swift in Sources */,
				D57959DC278D7567003CED85 /* FeedPresenter.swift in Sources */,
				D53A072A27998A6C0037E559 /* GenrePersistentData+CoreDataProperties.swift in Sources */,
				D50BA30D278F20B000E10833 /* TableCellRegistrable.swift in Sources */,
				D519C971278C7D340018155F /* AppDelegate.swift in Sources */,
				D57959F6278DA195003CED85 /* MovieNetworkList.swift in Sources */,
				D51164CD279593B6000B775F /* NetworkGenreList.swift in Sources */,
				D53A071D279970BF0037E559 /* MoviePersistentData+CoreDataClass.swift in Sources */,
				D51164CD279593B6000B775F /* NetworkGenreList.swift in Sources */,
				D53A071E279970BF0037E559 /* MoviePersistentData+CoreDataProperties.swift in Sources */,
				D53A072927998A6C0037E559 /* GenrePersistentData+CoreDataClass.swift in Sources */,
				D59EF0F12796F47E00B8370B /* DetailPresenter.swift in Sources */,
				D53A070E279961700037E559 /* MoviePersistentData.xcdatamodeld in Sources */,
				D57959E8278D7CEB003CED85 /* NetworkService.swift in Sources */,
				414660BE2797491700235FEC /* DetailRepository.swift in Sources */,
				D53A0722279989A70037E559 /* GenrePersistentAdapter.swift in Sources */,
				D50BA30E278F20B000E10833 /* TableCellReusable.swift in Sources */,
				D53A0720279986D20037E559 /* ApplicationFont.swift in Sources */,
			);
			runOnlyForDeploymentPostprocessing = 0;
		};
/* End PBXSourcesBuildPhase section */

/* Begin PBXVariantGroup section */
		D519C97B278C7D350018155F /* LaunchScreen.storyboard */ = {
			isa = PBXVariantGroup;
			children = (
				D519C97C278C7D350018155F /* Base */,
			);
			name = LaunchScreen.storyboard;
			sourceTree = "<group>";
		};
/* End PBXVariantGroup section */

/* Begin XCBuildConfiguration section */
		D519C97F278C7D350018155F /* Debug */ = {
			isa = XCBuildConfiguration;
			buildSettings = {
				ALWAYS_SEARCH_USER_PATHS = NO;
				CLANG_ANALYZER_NONNULL = YES;
				CLANG_ANALYZER_NUMBER_OBJECT_CONVERSION = YES_AGGRESSIVE;
				CLANG_CXX_LANGUAGE_STANDARD = "gnu++17";
				CLANG_CXX_LIBRARY = "libc++";
				CLANG_ENABLE_MODULES = YES;
				CLANG_ENABLE_OBJC_ARC = YES;
				CLANG_ENABLE_OBJC_WEAK = YES;
				CLANG_WARN_BLOCK_CAPTURE_AUTORELEASING = YES;
				CLANG_WARN_BOOL_CONVERSION = YES;
				CLANG_WARN_COMMA = YES;
				CLANG_WARN_CONSTANT_CONVERSION = YES;
				CLANG_WARN_DEPRECATED_OBJC_IMPLEMENTATIONS = YES;
				CLANG_WARN_DIRECT_OBJC_ISA_USAGE = YES_ERROR;
				CLANG_WARN_DOCUMENTATION_COMMENTS = YES;
				CLANG_WARN_EMPTY_BODY = YES;
				CLANG_WARN_ENUM_CONVERSION = YES;
				CLANG_WARN_INFINITE_RECURSION = YES;
				CLANG_WARN_INT_CONVERSION = YES;
				CLANG_WARN_NON_LITERAL_NULL_CONVERSION = YES;
				CLANG_WARN_OBJC_IMPLICIT_RETAIN_SELF = YES;
				CLANG_WARN_OBJC_LITERAL_CONVERSION = YES;
				CLANG_WARN_OBJC_ROOT_CLASS = YES_ERROR;
				CLANG_WARN_QUOTED_INCLUDE_IN_FRAMEWORK_HEADER = YES;
				CLANG_WARN_RANGE_LOOP_ANALYSIS = YES;
				CLANG_WARN_STRICT_PROTOTYPES = YES;
				CLANG_WARN_SUSPICIOUS_MOVE = YES;
				CLANG_WARN_UNGUARDED_AVAILABILITY = YES_AGGRESSIVE;
				CLANG_WARN_UNREACHABLE_CODE = YES;
				CLANG_WARN__DUPLICATE_METHOD_MATCH = YES;
				COPY_PHASE_STRIP = NO;
				DEBUG_INFORMATION_FORMAT = dwarf;
				ENABLE_STRICT_OBJC_MSGSEND = YES;
				ENABLE_TESTABILITY = YES;
				GCC_C_LANGUAGE_STANDARD = gnu11;
				GCC_DYNAMIC_NO_PIC = NO;
				GCC_NO_COMMON_BLOCKS = YES;
				GCC_OPTIMIZATION_LEVEL = 0;
				GCC_PREPROCESSOR_DEFINITIONS = (
					"DEBUG=1",
					"$(inherited)",
				);
				GCC_WARN_64_TO_32_BIT_CONVERSION = YES;
				GCC_WARN_ABOUT_RETURN_TYPE = YES_ERROR;
				GCC_WARN_UNDECLARED_SELECTOR = YES;
				GCC_WARN_UNINITIALIZED_AUTOS = YES_AGGRESSIVE;
				GCC_WARN_UNUSED_FUNCTION = YES;
				GCC_WARN_UNUSED_VARIABLE = YES;
				IPHONEOS_DEPLOYMENT_TARGET = 14.0;
				MTL_ENABLE_DEBUG_INFO = INCLUDE_SOURCE;
				MTL_FAST_MATH = YES;
				ONLY_ACTIVE_ARCH = YES;
				SDKROOT = iphoneos;
				SWIFT_ACTIVE_COMPILATION_CONDITIONS = DEBUG;
				SWIFT_OPTIMIZATION_LEVEL = "-Onone";
			};
			name = Debug;
		};
		D519C980278C7D350018155F /* Release */ = {
			isa = XCBuildConfiguration;
			buildSettings = {
				ALWAYS_SEARCH_USER_PATHS = NO;
				CLANG_ANALYZER_NONNULL = YES;
				CLANG_ANALYZER_NUMBER_OBJECT_CONVERSION = YES_AGGRESSIVE;
				CLANG_CXX_LANGUAGE_STANDARD = "gnu++17";
				CLANG_CXX_LIBRARY = "libc++";
				CLANG_ENABLE_MODULES = YES;
				CLANG_ENABLE_OBJC_ARC = YES;
				CLANG_ENABLE_OBJC_WEAK = YES;
				CLANG_WARN_BLOCK_CAPTURE_AUTORELEASING = YES;
				CLANG_WARN_BOOL_CONVERSION = YES;
				CLANG_WARN_COMMA = YES;
				CLANG_WARN_CONSTANT_CONVERSION = YES;
				CLANG_WARN_DEPRECATED_OBJC_IMPLEMENTATIONS = YES;
				CLANG_WARN_DIRECT_OBJC_ISA_USAGE = YES_ERROR;
				CLANG_WARN_DOCUMENTATION_COMMENTS = YES;
				CLANG_WARN_EMPTY_BODY = YES;
				CLANG_WARN_ENUM_CONVERSION = YES;
				CLANG_WARN_INFINITE_RECURSION = YES;
				CLANG_WARN_INT_CONVERSION = YES;
				CLANG_WARN_NON_LITERAL_NULL_CONVERSION = YES;
				CLANG_WARN_OBJC_IMPLICIT_RETAIN_SELF = YES;
				CLANG_WARN_OBJC_LITERAL_CONVERSION = YES;
				CLANG_WARN_OBJC_ROOT_CLASS = YES_ERROR;
				CLANG_WARN_QUOTED_INCLUDE_IN_FRAMEWORK_HEADER = YES;
				CLANG_WARN_RANGE_LOOP_ANALYSIS = YES;
				CLANG_WARN_STRICT_PROTOTYPES = YES;
				CLANG_WARN_SUSPICIOUS_MOVE = YES;
				CLANG_WARN_UNGUARDED_AVAILABILITY = YES_AGGRESSIVE;
				CLANG_WARN_UNREACHABLE_CODE = YES;
				CLANG_WARN__DUPLICATE_METHOD_MATCH = YES;
				COPY_PHASE_STRIP = NO;
				DEBUG_INFORMATION_FORMAT = "dwarf-with-dsym";
				ENABLE_NS_ASSERTIONS = NO;
				ENABLE_STRICT_OBJC_MSGSEND = YES;
				GCC_C_LANGUAGE_STANDARD = gnu11;
				GCC_NO_COMMON_BLOCKS = YES;
				GCC_WARN_64_TO_32_BIT_CONVERSION = YES;
				GCC_WARN_ABOUT_RETURN_TYPE = YES_ERROR;
				GCC_WARN_UNDECLARED_SELECTOR = YES;
				GCC_WARN_UNINITIALIZED_AUTOS = YES_AGGRESSIVE;
				GCC_WARN_UNUSED_FUNCTION = YES;
				GCC_WARN_UNUSED_VARIABLE = YES;
				IPHONEOS_DEPLOYMENT_TARGET = 14.0;
				MTL_ENABLE_DEBUG_INFO = NO;
				MTL_FAST_MATH = YES;
				SDKROOT = iphoneos;
				SWIFT_COMPILATION_MODE = wholemodule;
				SWIFT_OPTIMIZATION_LEVEL = "-O";
				VALIDATE_PRODUCT = YES;
			};
			name = Release;
		};
		D519C982278C7D350018155F /* Debug */ = {
			isa = XCBuildConfiguration;
			baseConfigurationReference = F82B0AB91C03A5D224EE3CA5 /* Pods-Popular Movies.debug.xcconfig */;
			buildSettings = {
				ASSETCATALOG_COMPILER_APPICON_NAME = AppIcon;
				ASSETCATALOG_COMPILER_GLOBAL_ACCENT_COLOR_NAME = AccentColor;
				CODE_SIGN_STYLE = Automatic;
				CURRENT_PROJECT_VERSION = 1;
				DEVELOPMENT_TEAM = Q56VS4BVK4;
				GENERATE_INFOPLIST_FILE = YES;
				INFOPLIST_FILE = "Popular Movies/Info.plist";
				INFOPLIST_KEY_UIApplicationSupportsIndirectInputEvents = YES;
				INFOPLIST_KEY_UILaunchStoryboardName = LaunchScreen;
				INFOPLIST_KEY_UISupportedInterfaceOrientations = UIInterfaceOrientationPortrait;
				INFOPLIST_KEY_UISupportedInterfaceOrientations_iPad = "UIInterfaceOrientationPortrait UIInterfaceOrientationPortraitUpsideDown UIInterfaceOrientationLandscapeLeft UIInterfaceOrientationLandscapeRight";
				INFOPLIST_KEY_UISupportedInterfaceOrientations_iPhone = "UIInterfaceOrientationPortrait UIInterfaceOrientationLandscapeLeft UIInterfaceOrientationLandscapeRight";
				IPHONEOS_DEPLOYMENT_TARGET = 15.0;
				LD_RUNPATH_SEARCH_PATHS = (
					"$(inherited)",
					"@executable_path/Frameworks",
				);
				MARKETING_VERSION = 1.0;
				PRODUCT_BUNDLE_IDENTIFIER = "com.nikitaios.Popular-Movies";
				PRODUCT_NAME = "$(TARGET_NAME)";
				SWIFT_EMIT_LOC_STRINGS = YES;
				SWIFT_VERSION = 5.0;
				TARGETED_DEVICE_FAMILY = 1;
			};
			name = Debug;
		};
		D519C983278C7D350018155F /* Release */ = {
			isa = XCBuildConfiguration;
			baseConfigurationReference = 331974A1A385D3B3CEB6C4A2 /* Pods-Popular Movies.release.xcconfig */;
			buildSettings = {
				ASSETCATALOG_COMPILER_APPICON_NAME = AppIcon;
				ASSETCATALOG_COMPILER_GLOBAL_ACCENT_COLOR_NAME = AccentColor;
				CODE_SIGN_STYLE = Automatic;
				CURRENT_PROJECT_VERSION = 1;
				DEVELOPMENT_TEAM = Q56VS4BVK4;
				GENERATE_INFOPLIST_FILE = YES;
				INFOPLIST_FILE = "Popular Movies/Info.plist";
				INFOPLIST_KEY_UIApplicationSupportsIndirectInputEvents = YES;
				INFOPLIST_KEY_UILaunchStoryboardName = LaunchScreen;
				INFOPLIST_KEY_UISupportedInterfaceOrientations = UIInterfaceOrientationPortrait;
				INFOPLIST_KEY_UISupportedInterfaceOrientations_iPad = "UIInterfaceOrientationPortrait UIInterfaceOrientationPortraitUpsideDown UIInterfaceOrientationLandscapeLeft UIInterfaceOrientationLandscapeRight";
				INFOPLIST_KEY_UISupportedInterfaceOrientations_iPhone = "UIInterfaceOrientationPortrait UIInterfaceOrientationLandscapeLeft UIInterfaceOrientationLandscapeRight";
				IPHONEOS_DEPLOYMENT_TARGET = 15.0;
				LD_RUNPATH_SEARCH_PATHS = (
					"$(inherited)",
					"@executable_path/Frameworks",
				);
				MARKETING_VERSION = 1.0;
				PRODUCT_BUNDLE_IDENTIFIER = "com.nikitaios.Popular-Movies";
				PRODUCT_NAME = "$(TARGET_NAME)";
				SWIFT_EMIT_LOC_STRINGS = YES;
				SWIFT_VERSION = 5.0;
				TARGETED_DEVICE_FAMILY = 1;
			};
			name = Release;
		};
/* End XCBuildConfiguration section */

/* Begin XCConfigurationList section */
		D519C968278C7D340018155F /* Build configuration list for PBXProject "Popular Movies" */ = {
			isa = XCConfigurationList;
			buildConfigurations = (
				D519C97F278C7D350018155F /* Debug */,
				D519C980278C7D350018155F /* Release */,
			);
			defaultConfigurationIsVisible = 0;
			defaultConfigurationName = Release;
		};
		D519C981278C7D350018155F /* Build configuration list for PBXNativeTarget "Popular Movies" */ = {
			isa = XCConfigurationList;
			buildConfigurations = (
				D519C982278C7D350018155F /* Debug */,
				D519C983278C7D350018155F /* Release */,
			);
			defaultConfigurationIsVisible = 0;
			defaultConfigurationName = Release;
		};
/* End XCConfigurationList section */

/* Begin XCVersionGroup section */
		D53A070C279961700037E559 /* MoviePersistentData.xcdatamodeld */ = {
			isa = XCVersionGroup;
			children = (
				D53A070D279961700037E559 /* MoviePersistentData.xcdatamodel */,
			);
			currentVersion = D53A070D279961700037E559 /* MoviePersistentData.xcdatamodel */;
			path = MoviePersistentData.xcdatamodeld;
			sourceTree = "<group>";
			versionGroupType = wrapper.xcdatamodel;
		};
/* End XCVersionGroup section */
	};
	rootObject = D519C965278C7D340018155F /* Project object */;
}
